
Microsoft Visual Studio Solution File, Format Version 12.00
# Visual Studio Version 17
VisualStudioVersion = 17.4.33213.308
MinimumVisualStudioVersion = 10.0.40219.1
Project("{FAE04EC0-301F-11D3-BF4B-00C04F79EFBC}") = "schiaccia_la_talpa_01", "schiaccia_la_talpa_01\schiaccia_la_talpa_01.csproj", "{1F1F280D-B592-4BF6-A641-ADB2579A15FD}"
EndProject
Global
	GlobalSection(SolutionConfigurationPlatforms) = preSolution
		Debug|Any CPU = Debug|Any CPU
		Release|Any CPU = Release|Any CPU
	EndGlobalSection
	GlobalSection(ProjectConfigurationPlatforms) = postSolution
		{1F1F280D-B592-4BF6-A641-ADB2579A15FD}.Debug|Any CPU.ActiveCfg = Debug|Any CPU
		{1F1F280D-B592-4BF6-A641-ADB2579A15FD}.Debug|Any CPU.Build.0 = Debug|Any CPU
		{1F1F280D-B592-4BF6-A641-ADB2579A15FD}.Release|Any CPU.ActiveCfg = Release|Any CPU
		{1F1F280D-B592-4BF6-A641-ADB2579A15FD}.Release|Any CPU.Build.0 = Release|Any CPU
	EndGlobalSection
	GlobalSection(SolutionProperties) = preSolution
		HideSolutionNode = FALSE
	EndGlobalSection
	GlobalSection(ExtensibilityGlobals) = postSolution
		SolutionGuid = {A10E7D51-A4D3-4C1E-A222-5A859A64D04F}
	EndGlobalSection
EndGlobal
